
Microsoft Visual Studio Solution File, Format Version 12.00
# Visual Studio Version 17
VisualStudioVersion = 17.9.34607.119
MinimumVisualStudioVersion = 10.0.40219.1
Project("{9A19103F-16F7-4668-BE54-9A1E7A4F7556}") = "WebTvApiService", "WebTvApiService\WebTvApiService.csproj", "{8D328E1B-8423-4C43-A448-D0996C935AD2}"
EndProject
Project("{9A19103F-16F7-4668-BE54-9A1E7A4F7556}") = "WebTvClient", "WebTvClient\WebTvClient.csproj", "{DA11F189-87EE-4190-A1D8-E6F90EFB968C}"
EndProject
Project("{FAE04EC0-301F-11D3-BF4B-00C04F79EFBC}") = "WebAssemblyTvClient", "WebAssemblyTvClient\WebAssemblyTvClient.csproj", "{B02BD4B5-52B7-45D3-959D-465517736622}"
EndProject
Global
	GlobalSection(SolutionConfigurationPlatforms) = preSolution
		Debug|Any CPU = Debug|Any CPU
		Release|Any CPU = Release|Any CPU
	EndGlobalSection
	GlobalSection(ProjectConfigurationPlatforms) = postSolution
		{8D328E1B-8423-4C43-A448-D0996C935AD2}.Debug|Any CPU.ActiveCfg = Debug|Any CPU
		{8D328E1B-8423-4C43-A448-D0996C935AD2}.Debug|Any CPU.Build.0 = Debug|Any CPU
		{8D328E1B-8423-4C43-A448-D0996C935AD2}.Release|Any CPU.ActiveCfg = Release|Any CPU
		{8D328E1B-8423-4C43-A448-D0996C935AD2}.Release|Any CPU.Build.0 = Release|Any CPU
		{DA11F189-87EE-4190-A1D8-E6F90EFB968C}.Debug|Any CPU.ActiveCfg = Debug|Any CPU
		{DA11F189-87EE-4190-A1D8-E6F90EFB968C}.Debug|Any CPU.Build.0 = Debug|Any CPU
		{DA11F189-87EE-4190-A1D8-E6F90EFB968C}.Release|Any CPU.ActiveCfg = Release|Any CPU
		{DA11F189-87EE-4190-A1D8-E6F90EFB968C}.Release|Any CPU.Build.0 = Release|Any CPU
		{B02BD4B5-52B7-45D3-959D-465517736622}.Debug|Any CPU.ActiveCfg = Debug|Any CPU
		{B02BD4B5-52B7-45D3-959D-465517736622}.Debug|Any CPU.Build.0 = Debug|Any CPU
		{B02BD4B5-52B7-45D3-959D-465517736622}.Release|Any CPU.ActiveCfg = Release|Any CPU
		{B02BD4B5-52B7-45D3-959D-465517736622}.Release|Any CPU.Build.0 = Release|Any CPU
	EndGlobalSection
	GlobalSection(SolutionProperties) = preSolution
		HideSolutionNode = FALSE
	EndGlobalSection
	GlobalSection(ExtensibilityGlobals) = postSolution
		SolutionGuid = {3EB7183B-D6C8-454C-9838-1FE0A3C23167}
	EndGlobalSection
EndGlobal
